// !$*UTF8*$!
{
	archiveVersion = 1;
	classes = {
	};
	objectVersion = 46;
	objects = {

/* Begin PBXBuildFile section */
		071D7C435A724F63801FAC64 /* libPods-ACCommon_Swift.a in Frameworks */ = {isa = PBXBuildFile; fileRef = D3DFC8874E694EA6ADB69B11 /* libPods-ACCommon_Swift.a */; };
		DD022AE81987502000CA6CE9 /* ACTextField.swift in Sources */ = {isa = PBXBuildFile; fileRef = DD022AE71987502000CA6CE9 /* ACTextField.swift */; };
		DD022AEA198774CF00CA6CE9 /* ACLargerImageView.swift in Sources */ = {isa = PBXBuildFile; fileRef = DD022AE9198774CF00CA6CE9 /* ACLargerImageView.swift */; };
		DD022AEC19878A7A00CA6CE9 /* ACTableViewCell.swift in Sources */ = {isa = PBXBuildFile; fileRef = DD022AEB19878A7A00CA6CE9 /* ACTableViewCell.swift */; };
		DD022AEE19879E1500CA6CE9 /* ACTextView.swift in Sources */ = {isa = PBXBuildFile; fileRef = DD022AED19879E1500CA6CE9 /* ACTextView.swift */; };
		DD022AF01987AA1100CA6CE9 /* NSDateExtensions.swift in Sources */ = {isa = PBXBuildFile; fileRef = DD022AEF1987AA1100CA6CE9 /* NSDateExtensions.swift */; };
		DD2832EE1985FFF000B77A58 /* ACUtilitys.swift in Sources */ = {isa = PBXBuildFile; fileRef = DD2832ED1985FFF000B77A58 /* ACUtilitys.swift */; };
		DD2984B019820BC10007C45C /* AppDelegate.swift in Sources */ = {isa = PBXBuildFile; fileRef = DD2984AF19820BC10007C45C /* AppDelegate.swift */; };
		DD29858A19821F340007C45C /* NSData+ACAdditions.m in Sources */ = {isa = PBXBuildFile; fileRef = DD2984D019821F340007C45C /* NSData+ACAdditions.m */; };
		DD29858C19821F340007C45C /* NSDictionary+ACAdditions.m in Sources */ = {isa = PBXBuildFile; fileRef = DD2984D419821F340007C45C /* NSDictionary+ACAdditions.m */; };
		DD29858D19821F340007C45C /* NSObject+ACAdditions.m in Sources */ = {isa = PBXBuildFile; fileRef = DD2984D619821F340007C45C /* NSObject+ACAdditions.m */; };
		DD29858E19821F340007C45C /* NSString+ACAdditions.m in Sources */ = {isa = PBXBuildFile; fileRef = DD2984D819821F340007C45C /* NSString+ACAdditions.m */; };
		DD29858F19821F340007C45C /* UIAlertView+ACAdditions.m in Sources */ = {isa = PBXBuildFile; fileRef = DD2984DA19821F340007C45C /* UIAlertView+ACAdditions.m */; };
		DD29859019821F340007C45C /* UIButton+ACAdditions.m in Sources */ = {isa = PBXBuildFile; fileRef = DD2984DC19821F340007C45C /* UIButton+ACAdditions.m */; };
		DD29859119821F340007C45C /* UIColor+ACAdditions.m in Sources */ = {isa = PBXBuildFile; fileRef = DD2984DE19821F340007C45C /* UIColor+ACAdditions.m */; };
		DD29859219821F340007C45C /* UIImage+ACAdditions.m in Sources */ = {isa = PBXBuildFile; fileRef = DD2984E019821F340007C45C /* UIImage+ACAdditions.m */; };
		DD29859319821F340007C45C /* UIImageView+ACAdditions.m in Sources */ = {isa = PBXBuildFile; fileRef = DD2984E219821F340007C45C /* UIImageView+ACAdditions.m */; };
		DD29859419821F340007C45C /* UIView+ACAdditions.m in Sources */ = {isa = PBXBuildFile; fileRef = DD2984E419821F340007C45C /* UIView+ACAdditions.m */; };
		DD29859519821F340007C45C /* ACAnimation.m in Sources */ = {isa = PBXBuildFile; fileRef = DD2984E719821F340007C45C /* ACAnimation.m */; };
		DD29859619821F340007C45C /* ACBaseCollectionController.m in Sources */ = {isa = PBXBuildFile; fileRef = DD2984EA19821F340007C45C /* ACBaseCollectionController.m */; };
		DD29859719821F340007C45C /* ACBaseController.m in Sources */ = {isa = PBXBuildFile; fileRef = DD2984EC19821F340007C45C /* ACBaseController.m */; };
		DD29859819821F340007C45C /* ACBaseTableController.m in Sources */ = {isa = PBXBuildFile; fileRef = DD2984EE19821F340007C45C /* ACBaseTableController.m */; };
		DD2985AB19821F340007C45C /* ChineseToPinyin.m in Sources */ = {isa = PBXBuildFile; fileRef = DD29852219821F340007C45C /* ChineseToPinyin.m */; };
		DD2985AC19821F340007C45C /* GTMBase64.m in Sources */ = {isa = PBXBuildFile; fileRef = DD29852519821F340007C45C /* GTMBase64.m */; };
		DD2985AD19821F340007C45C /* PullingRefreshTableView.bundle in Resources */ = {isa = PBXBuildFile; fileRef = DD29852819821F340007C45C /* PullingRefreshTableView.bundle */; };
		DD2985AE19821F340007C45C /* PullingRefreshTableView.m in Sources */ = {isa = PBXBuildFile; fileRef = DD29852A19821F340007C45C /* PullingRefreshTableView.m */; };
		DD2985B019821F340007C45C /* SDImageCache.m in Sources */ = {isa = PBXBuildFile; fileRef = DD29853119821F340007C45C /* SDImageCache.m */; };
		DD2985B119821F340007C45C /* MKAnnotationView+WebCache.m in Sources */ = {isa = PBXBuildFile; fileRef = DD29853419821F340007C45C /* MKAnnotationView+WebCache.m */; };
		DD2985B219821F340007C45C /* NSData+ImageContentType.m in Sources */ = {isa = PBXBuildFile; fileRef = DD29853619821F340007C45C /* NSData+ImageContentType.m */; };
		DD2985B319821F340007C45C /* UIButton+WebCache.m in Sources */ = {isa = PBXBuildFile; fileRef = DD29853819821F340007C45C /* UIButton+WebCache.m */; };
		DD2985B419821F340007C45C /* UIImage+GIF.m in Sources */ = {isa = PBXBuildFile; fileRef = DD29853A19821F340007C45C /* UIImage+GIF.m */; };
		DD2985B519821F340007C45C /* UIImage+MultiFormat.m in Sources */ = {isa = PBXBuildFile; fileRef = DD29853C19821F340007C45C /* UIImage+MultiFormat.m */; };
		DD2985B619821F340007C45C /* UIImage+WebP.m in Sources */ = {isa = PBXBuildFile; fileRef = DD29853E19821F340007C45C /* UIImage+WebP.m */; };
		DD2985B719821F340007C45C /* UIImageView+WebCache.m in Sources */ = {isa = PBXBuildFile; fileRef = DD29854019821F340007C45C /* UIImageView+WebCache.m */; };
		DD2985B819821F340007C45C /* SDWebImageDownloader.m in Sources */ = {isa = PBXBuildFile; fileRef = DD29854319821F340007C45C /* SDWebImageDownloader.m */; };
		DD2985B919821F340007C45C /* SDWebImageDownloaderOperation.m in Sources */ = {isa = PBXBuildFile; fileRef = DD29854519821F340007C45C /* SDWebImageDownloaderOperation.m */; };
		DD2985BA19821F340007C45C /* SDWebImageCompat.m in Sources */ = {isa = PBXBuildFile; fileRef = DD29854719821F340007C45C /* SDWebImageCompat.m */; };
		DD2985BB19821F340007C45C /* SDWebImageDecoder.m in Sources */ = {isa = PBXBuildFile; fileRef = DD29854B19821F340007C45C /* SDWebImageDecoder.m */; };
		DD2985BC19821F340007C45C /* SDWebImageManager.m in Sources */ = {isa = PBXBuildFile; fileRef = DD29854D19821F340007C45C /* SDWebImageManager.m */; };
		DD2985BD19821F340007C45C /* SDWebImagePrefetcher.m in Sources */ = {isa = PBXBuildFile; fileRef = DD29854F19821F340007C45C /* SDWebImagePrefetcher.m */; };
		DD2985CF19821F340007C45C /* TTTAttributedLabel.m in Sources */ = {isa = PBXBuildFile; fileRef = DD29857A19821F340007C45C /* TTTAttributedLabel.m */; };
		DD2985D019821F340007C45C /* ACNetworking.m in Sources */ = {isa = PBXBuildFile; fileRef = DD29857E19821F340007C45C /* ACNetworking.m */; };
		DD2985D8198223BB0007C45C /* ACNetworking.swift in Sources */ = {isa = PBXBuildFile; fileRef = DD2985D7198223BB0007C45C /* ACNetworking.swift */; };
		DD33BAE41982634200CBC849 /* ACMacros.swift in Sources */ = {isa = PBXBuildFile; fileRef = DD33BAE31982634200CBC849 /* ACMacros.swift */; };
		DD4FFAF5198A0E6F002DB8EA /* NSStringExtensions.swift in Sources */ = {isa = PBXBuildFile; fileRef = DD4FFAF4198A0E6F002DB8EA /* NSStringExtensions.swift */; };
/* End PBXBuildFile section */

/* Begin PBXFileReference section */
		0411EA491989205A00D514CB /* ACCommon-Bridging-Header.h */ = {isa = PBXFileReference; fileEncoding = 4; lastKnownFileType = sourcecode.c.h; path = "ACCommon-Bridging-Header.h"; sourceTree = "<group>"; };
		C4C27082CDE9465CA871538A /* Pods-ACCommon_Swift.xcconfig */ = {isa = PBXFileReference; includeInIndex = 1; lastKnownFileType = text.xcconfig; name = "Pods-ACCommon_Swift.xcconfig"; path = "Pods/Pods-ACCommon_Swift.xcconfig"; sourceTree = "<group>"; };
		D3DFC8874E694EA6ADB69B11 /* libPods-ACCommon_Swift.a */ = {isa = PBXFileReference; explicitFileType = archive.ar; includeInIndex = 0; path = "libPods-ACCommon_Swift.a"; sourceTree = BUILT_PRODUCTS_DIR; };
		DD022AE71987502000CA6CE9 /* ACTextField.swift */ = {isa = PBXFileReference; fileEncoding = 4; lastKnownFileType = sourcecode.swift; path = ACTextField.swift; sourceTree = "<group>"; };
		DD022AE9198774CF00CA6CE9 /* ACLargerImageView.swift */ = {isa = PBXFileReference; fileEncoding = 4; lastKnownFileType = sourcecode.swift; path = ACLargerImageView.swift; sourceTree = "<group>"; };
		DD022AEB19878A7A00CA6CE9 /* ACTableViewCell.swift */ = {isa = PBXFileReference; fileEncoding = 4; lastKnownFileType = sourcecode.swift; path = ACTableViewCell.swift; sourceTree = "<group>"; };
		DD022AED19879E1500CA6CE9 /* ACTextView.swift */ = {isa = PBXFileReference; fileEncoding = 4; lastKnownFileType = sourcecode.swift; path = ACTextView.swift; sourceTree = "<group>"; };
		DD022AEF1987AA1100CA6CE9 /* NSDateExtensions.swift */ = {isa = PBXFileReference; fileEncoding = 4; lastKnownFileType = sourcecode.swift; path = NSDateExtensions.swift; sourceTree = "<group>"; };
		DD2832ED1985FFF000B77A58 /* ACUtilitys.swift */ = {isa = PBXFileReference; fileEncoding = 4; lastKnownFileType = sourcecode.swift; path = ACUtilitys.swift; sourceTree = "<group>"; };
		DD2984AA19820BC10007C45C /* ACCommon_Swift.app */ = {isa = PBXFileReference; explicitFileType = wrapper.application; includeInIndex = 0; path = ACCommon_Swift.app; sourceTree = BUILT_PRODUCTS_DIR; };
		DD2984AE19820BC10007C45C /* Info.plist */ = {isa = PBXFileReference; lastKnownFileType = text.plist.xml; path = Info.plist; sourceTree = "<group>"; };
		DD2984AF19820BC10007C45C /* AppDelegate.swift */ = {isa = PBXFileReference; lastKnownFileType = sourcecode.swift; path = AppDelegate.swift; sourceTree = "<group>"; };
		DD2984CE19821F340007C45C /* ACAdditions.h */ = {isa = PBXFileReference; fileEncoding = 4; lastKnownFileType = sourcecode.c.h; path = ACAdditions.h; sourceTree = "<group>"; };
		DD2984CF19821F340007C45C /* NSData+ACAdditions.h */ = {isa = PBXFileReference; fileEncoding = 4; lastKnownFileType = sourcecode.c.h; path = "NSData+ACAdditions.h"; sourceTree = "<group>"; };
		DD2984D019821F340007C45C /* NSData+ACAdditions.m */ = {isa = PBXFileReference; fileEncoding = 4; lastKnownFileType = sourcecode.c.objc; path = "NSData+ACAdditions.m"; sourceTree = "<group>"; };
		DD2984D319821F340007C45C /* NSDictionary+ACAdditions.h */ = {isa = PBXFileReference; fileEncoding = 4; lastKnownFileType = sourcecode.c.h; path = "NSDictionary+ACAdditions.h"; sourceTree = "<group>"; };
		DD2984D419821F340007C45C /* NSDictionary+ACAdditions.m */ = {isa = PBXFileReference; fileEncoding = 4; lastKnownFileType = sourcecode.c.objc; path = "NSDictionary+ACAdditions.m"; sourceTree = "<group>"; };
		DD2984D519821F340007C45C /* NSObject+ACAdditions.h */ = {isa = PBXFileReference; fileEncoding = 4; lastKnownFileType = sourcecode.c.h; path = "NSObject+ACAdditions.h"; sourceTree = "<group>"; };
		DD2984D619821F340007C45C /* NSObject+ACAdditions.m */ = {isa = PBXFileReference; fileEncoding = 4; lastKnownFileType = sourcecode.c.objc; path = "NSObject+ACAdditions.m"; sourceTree = "<group>"; };
		DD2984D719821F340007C45C /* NSString+ACAdditions.h */ = {isa = PBXFileReference; fileEncoding = 4; lastKnownFileType = sourcecode.c.h; path = "NSString+ACAdditions.h"; sourceTree = "<group>"; };
		DD2984D819821F340007C45C /* NSString+ACAdditions.m */ = {isa = PBXFileReference; fileEncoding = 4; lastKnownFileType = sourcecode.c.objc; path = "NSString+ACAdditions.m"; sourceTree = "<group>"; };
		DD2984D919821F340007C45C /* UIAlertView+ACAdditions.h */ = {isa = PBXFileReference; fileEncoding = 4; lastKnownFileType = sourcecode.c.h; path = "UIAlertView+ACAdditions.h"; sourceTree = "<group>"; };
		DD2984DA19821F340007C45C /* UIAlertView+ACAdditions.m */ = {isa = PBXFileReference; fileEncoding = 4; lastKnownFileType = sourcecode.c.objc; path = "UIAlertView+ACAdditions.m"; sourceTree = "<group>"; };
		DD2984DB19821F340007C45C /* UIButton+ACAdditions.h */ = {isa = PBXFileReference; fileEncoding = 4; lastKnownFileType = sourcecode.c.h; path = "UIButton+ACAdditions.h"; sourceTree = "<group>"; };
		DD2984DC19821F340007C45C /* UIButton+ACAdditions.m */ = {isa = PBXFileReference; fileEncoding = 4; lastKnownFileType = sourcecode.c.objc; path = "UIButton+ACAdditions.m"; sourceTree = "<group>"; };
		DD2984DD19821F340007C45C /* UIColor+ACAdditions.h */ = {isa = PBXFileReference; fileEncoding = 4; lastKnownFileType = sourcecode.c.h; path = "UIColor+ACAdditions.h"; sourceTree = "<group>"; };
		DD2984DE19821F340007C45C /* UIColor+ACAdditions.m */ = {isa = PBXFileReference; fileEncoding = 4; lastKnownFileType = sourcecode.c.objc; path = "UIColor+ACAdditions.m"; sourceTree = "<group>"; };
		DD2984DF19821F340007C45C /* UIImage+ACAdditions.h */ = {isa = PBXFileReference; fileEncoding = 4; lastKnownFileType = sourcecode.c.h; path = "UIImage+ACAdditions.h"; sourceTree = "<group>"; };
		DD2984E019821F340007C45C /* UIImage+ACAdditions.m */ = {isa = PBXFileReference; fileEncoding = 4; lastKnownFileType = sourcecode.c.objc; path = "UIImage+ACAdditions.m"; sourceTree = "<group>"; };
		DD2984E119821F340007C45C /* UIImageView+ACAdditions.h */ = {isa = PBXFileReference; fileEncoding = 4; lastKnownFileType = sourcecode.c.h; path = "UIImageView+ACAdditions.h"; sourceTree = "<group>"; };
		DD2984E219821F340007C45C /* UIImageView+ACAdditions.m */ = {isa = PBXFileReference; fileEncoding = 4; lastKnownFileType = sourcecode.c.objc; path = "UIImageView+ACAdditions.m"; sourceTree = "<group>"; };
		DD2984E319821F340007C45C /* UIView+ACAdditions.h */ = {isa = PBXFileReference; fileEncoding = 4; lastKnownFileType = sourcecode.c.h; path = "UIView+ACAdditions.h"; sourceTree = "<group>"; };
		DD2984E419821F340007C45C /* UIView+ACAdditions.m */ = {isa = PBXFileReference; fileEncoding = 4; lastKnownFileType = sourcecode.c.objc; path = "UIView+ACAdditions.m"; sourceTree = "<group>"; };
		DD2984E619821F340007C45C /* ACAnimation.h */ = {isa = PBXFileReference; fileEncoding = 4; lastKnownFileType = sourcecode.c.h; path = ACAnimation.h; sourceTree = "<group>"; };
		DD2984E719821F340007C45C /* ACAnimation.m */ = {isa = PBXFileReference; fileEncoding = 4; lastKnownFileType = sourcecode.c.objc; path = ACAnimation.m; sourceTree = "<group>"; };
		DD2984E919821F340007C45C /* ACBaseCollectionController.h */ = {isa = PBXFileReference; fileEncoding = 4; lastKnownFileType = sourcecode.c.h; path = ACBaseCollectionController.h; sourceTree = "<group>"; };
		DD2984EA19821F340007C45C /* ACBaseCollectionController.m */ = {isa = PBXFileReference; fileEncoding = 4; lastKnownFileType = sourcecode.c.objc; path = ACBaseCollectionController.m; sourceTree = "<group>"; };
		DD2984EB19821F340007C45C /* ACBaseController.h */ = {isa = PBXFileReference; fileEncoding = 4; lastKnownFileType = sourcecode.c.h; path = ACBaseController.h; sourceTree = "<group>"; };
		DD2984EC19821F340007C45C /* ACBaseController.m */ = {isa = PBXFileReference; fileEncoding = 4; lastKnownFileType = sourcecode.c.objc; path = ACBaseController.m; sourceTree = "<group>"; };
		DD2984ED19821F340007C45C /* ACBaseTableController.h */ = {isa = PBXFileReference; fileEncoding = 4; lastKnownFileType = sourcecode.c.h; path = ACBaseTableController.h; sourceTree = "<group>"; };
		DD2984EE19821F340007C45C /* ACBaseTableController.m */ = {isa = PBXFileReference; fileEncoding = 4; lastKnownFileType = sourcecode.c.objc; path = ACBaseTableController.m; sourceTree = "<group>"; };
		DD2984EF19821F340007C45C /* ACCommon.h */ = {isa = PBXFileReference; fileEncoding = 4; lastKnownFileType = sourcecode.c.h; path = ACCommon.h; sourceTree = "<group>"; };
		DD2984F619821F340007C45C /* ACExternals.h */ = {isa = PBXFileReference; fileEncoding = 4; lastKnownFileType = sourcecode.c.h; path = ACExternals.h; sourceTree = "<group>"; };
		DD29852119821F340007C45C /* ChineseToPinyin.h */ = {isa = PBXFileReference; fileEncoding = 4; lastKnownFileType = sourcecode.c.h; path = ChineseToPinyin.h; sourceTree = "<group>"; };
		DD29852219821F340007C45C /* ChineseToPinyin.m */ = {isa = PBXFileReference; fileEncoding = 4; lastKnownFileType = sourcecode.c.objc; path = ChineseToPinyin.m; sourceTree = "<group>"; };
		DD29852419821F340007C45C /* GTMBase64.h */ = {isa = PBXFileReference; fileEncoding = 4; lastKnownFileType = sourcecode.c.h; path = GTMBase64.h; sourceTree = "<group>"; };
		DD29852519821F340007C45C /* GTMBase64.m */ = {isa = PBXFileReference; fileEncoding = 4; lastKnownFileType = sourcecode.c.objc; path = GTMBase64.m; sourceTree = "<group>"; };
		DD29852619821F340007C45C /* GTMDefines.h */ = {isa = PBXFileReference; fileEncoding = 4; lastKnownFileType = sourcecode.c.h; path = GTMDefines.h; sourceTree = "<group>"; };
		DD29852819821F340007C45C /* PullingRefreshTableView.bundle */ = {isa = PBXFileReference; lastKnownFileType = "wrapper.plug-in"; path = PullingRefreshTableView.bundle; sourceTree = "<group>"; };
		DD29852919821F340007C45C /* PullingRefreshTableView.h */ = {isa = PBXFileReference; fileEncoding = 4; lastKnownFileType = sourcecode.c.h; path = PullingRefreshTableView.h; sourceTree = "<group>"; };
		DD29852A19821F340007C45C /* PullingRefreshTableView.m */ = {isa = PBXFileReference; fileEncoding = 4; lastKnownFileType = sourcecode.c.objc; path = PullingRefreshTableView.m; sourceTree = "<group>"; };
		DD29853019821F340007C45C /* SDImageCache.h */ = {isa = PBXFileReference; fileEncoding = 4; lastKnownFileType = sourcecode.c.h; path = SDImageCache.h; sourceTree = "<group>"; };
		DD29853119821F340007C45C /* SDImageCache.m */ = {isa = PBXFileReference; fileEncoding = 4; lastKnownFileType = sourcecode.c.objc; path = SDImageCache.m; sourceTree = "<group>"; };
		DD29853319821F340007C45C /* MKAnnotationView+WebCache.h */ = {isa = PBXFileReference; fileEncoding = 4; lastKnownFileType = sourcecode.c.h; path = "MKAnnotationView+WebCache.h"; sourceTree = "<group>"; };
		DD29853419821F340007C45C /* MKAnnotationView+WebCache.m */ = {isa = PBXFileReference; fileEncoding = 4; lastKnownFileType = sourcecode.c.objc; path = "MKAnnotationView+WebCache.m"; sourceTree = "<group>"; };
		DD29853519821F340007C45C /* NSData+ImageContentType.h */ = {isa = PBXFileReference; fileEncoding = 4; lastKnownFileType = sourcecode.c.h; path = "NSData+ImageContentType.h"; sourceTree = "<group>"; };
		DD29853619821F340007C45C /* NSData+ImageContentType.m */ = {isa = PBXFileReference; fileEncoding = 4; lastKnownFileType = sourcecode.c.objc; path = "NSData+ImageContentType.m"; sourceTree = "<group>"; };
		DD29853719821F340007C45C /* UIButton+WebCache.h */ = {isa = PBXFileReference; fileEncoding = 4; lastKnownFileType = sourcecode.c.h; path = "UIButton+WebCache.h"; sourceTree = "<group>"; };
		DD29853819821F340007C45C /* UIButton+WebCache.m */ = {isa = PBXFileReference; fileEncoding = 4; lastKnownFileType = sourcecode.c.objc; path = "UIButton+WebCache.m"; sourceTree = "<group>"; };
		DD29853919821F340007C45C /* UIImage+GIF.h */ = {isa = PBXFileReference; fileEncoding = 4; lastKnownFileType = sourcecode.c.h; path = "UIImage+GIF.h"; sourceTree = "<group>"; };
		DD29853A19821F340007C45C /* UIImage+GIF.m */ = {isa = PBXFileReference; fileEncoding = 4; lastKnownFileType = sourcecode.c.objc; path = "UIImage+GIF.m"; sourceTree = "<group>"; };
		DD29853B19821F340007C45C /* UIImage+MultiFormat.h */ = {isa = PBXFileReference; fileEncoding = 4; lastKnownFileType = sourcecode.c.h; path = "UIImage+MultiFormat.h"; sourceTree = "<group>"; };
		DD29853C19821F340007C45C /* UIImage+MultiFormat.m */ = {isa = PBXFileReference; fileEncoding = 4; lastKnownFileType = sourcecode.c.objc; path = "UIImage+MultiFormat.m"; sourceTree = "<group>"; };
		DD29853D19821F340007C45C /* UIImage+WebP.h */ = {isa = PBXFileReference; fileEncoding = 4; lastKnownFileType = sourcecode.c.h; path = "UIImage+WebP.h"; sourceTree = "<group>"; };
		DD29853E19821F340007C45C /* UIImage+WebP.m */ = {isa = PBXFileReference; fileEncoding = 4; lastKnownFileType = sourcecode.c.objc; path = "UIImage+WebP.m"; sourceTree = "<group>"; };
		DD29853F19821F340007C45C /* UIImageView+WebCache.h */ = {isa = PBXFileReference; fileEncoding = 4; lastKnownFileType = sourcecode.c.h; path = "UIImageView+WebCache.h"; sourceTree = "<group>"; };
		DD29854019821F340007C45C /* UIImageView+WebCache.m */ = {isa = PBXFileReference; fileEncoding = 4; lastKnownFileType = sourcecode.c.objc; path = "UIImageView+WebCache.m"; sourceTree = "<group>"; };
		DD29854219821F340007C45C /* SDWebImageDownloader.h */ = {isa = PBXFileReference; fileEncoding = 4; lastKnownFileType = sourcecode.c.h; path = SDWebImageDownloader.h; sourceTree = "<group>"; };
		DD29854319821F340007C45C /* SDWebImageDownloader.m */ = {isa = PBXFileReference; fileEncoding = 4; lastKnownFileType = sourcecode.c.objc; path = SDWebImageDownloader.m; sourceTree = "<group>"; };
		DD29854419821F340007C45C /* SDWebImageDownloaderOperation.h */ = {isa = PBXFileReference; fileEncoding = 4; lastKnownFileType = sourcecode.c.h; path = SDWebImageDownloaderOperation.h; sourceTree = "<group>"; };
		DD29854519821F340007C45C /* SDWebImageDownloaderOperation.m */ = {isa = PBXFileReference; fileEncoding = 4; lastKnownFileType = sourcecode.c.objc; path = SDWebImageDownloaderOperation.m; sourceTree = "<group>"; };
		DD29854619821F340007C45C /* SDWebImageCompat.h */ = {isa = PBXFileReference; fileEncoding = 4; lastKnownFileType = sourcecode.c.h; path = SDWebImageCompat.h; sourceTree = "<group>"; };
		DD29854719821F340007C45C /* SDWebImageCompat.m */ = {isa = PBXFileReference; fileEncoding = 4; lastKnownFileType = sourcecode.c.objc; path = SDWebImageCompat.m; sourceTree = "<group>"; };
		DD29854819821F340007C45C /* SDWebImageOperation.h */ = {isa = PBXFileReference; fileEncoding = 4; lastKnownFileType = sourcecode.c.h; path = SDWebImageOperation.h; sourceTree = "<group>"; };
		DD29854A19821F340007C45C /* SDWebImageDecoder.h */ = {isa = PBXFileReference; fileEncoding = 4; lastKnownFileType = sourcecode.c.h; path = SDWebImageDecoder.h; sourceTree = "<group>"; };
		DD29854B19821F340007C45C /* SDWebImageDecoder.m */ = {isa = PBXFileReference; fileEncoding = 4; lastKnownFileType = sourcecode.c.objc; path = SDWebImageDecoder.m; sourceTree = "<group>"; };
		DD29854C19821F340007C45C /* SDWebImageManager.h */ = {isa = PBXFileReference; fileEncoding = 4; lastKnownFileType = sourcecode.c.h; path = SDWebImageManager.h; sourceTree = "<group>"; };
		DD29854D19821F340007C45C /* SDWebImageManager.m */ = {isa = PBXFileReference; fileEncoding = 4; lastKnownFileType = sourcecode.c.objc; path = SDWebImageManager.m; sourceTree = "<group>"; };
		DD29854E19821F340007C45C /* SDWebImagePrefetcher.h */ = {isa = PBXFileReference; fileEncoding = 4; lastKnownFileType = sourcecode.c.h; path = SDWebImagePrefetcher.h; sourceTree = "<group>"; };
		DD29854F19821F340007C45C /* SDWebImagePrefetcher.m */ = {isa = PBXFileReference; fileEncoding = 4; lastKnownFileType = sourcecode.c.objc; path = SDWebImagePrefetcher.m; sourceTree = "<group>"; };
		DD29857919821F340007C45C /* TTTAttributedLabel.h */ = {isa = PBXFileReference; fileEncoding = 4; lastKnownFileType = sourcecode.c.h; path = TTTAttributedLabel.h; sourceTree = "<group>"; };
		DD29857A19821F340007C45C /* TTTAttributedLabel.m */ = {isa = PBXFileReference; fileEncoding = 4; lastKnownFileType = sourcecode.c.objc; path = TTTAttributedLabel.m; sourceTree = "<group>"; };
		DD29857D19821F340007C45C /* ACNetworking.h */ = {isa = PBXFileReference; fileEncoding = 4; lastKnownFileType = sourcecode.c.h; path = ACNetworking.h; sourceTree = "<group>"; };
		DD29857E19821F340007C45C /* ACNetworking.m */ = {isa = PBXFileReference; fileEncoding = 4; lastKnownFileType = sourcecode.c.objc; path = ACNetworking.m; sourceTree = "<group>"; };
		DD29857F19821F340007C45C /* ACPrefixs.h */ = {isa = PBXFileReference; fileEncoding = 4; lastKnownFileType = sourcecode.c.h; path = ACPrefixs.h; sourceTree = "<group>"; };
		DD2985D7198223BB0007C45C /* ACNetworking.swift */ = {isa = PBXFileReference; fileEncoding = 4; lastKnownFileType = sourcecode.swift; path = ACNetworking.swift; sourceTree = "<group>"; };
		DD33BAE31982634200CBC849 /* ACMacros.swift */ = {isa = PBXFileReference; fileEncoding = 4; lastKnownFileType = sourcecode.swift; path = ACMacros.swift; sourceTree = "<group>"; };
		DD4FFAF4198A0E6F002DB8EA /* NSStringExtensions.swift */ = {isa = PBXFileReference; fileEncoding = 4; lastKnownFileType = sourcecode.swift; path = NSStringExtensions.swift; sourceTree = "<group>"; };
/* End PBXFileReference section */

/* Begin PBXFrameworksBuildPhase section */
		DD2984A719820BC10007C45C /* Frameworks */ = {
			isa = PBXFrameworksBuildPhase;
			buildActionMask = 2147483647;
			files = (
				071D7C435A724F63801FAC64 /* libPods-ACCommon_Swift.a in Frameworks */,
			);
			runOnlyForDeploymentPostprocessing = 0;
		};
/* End PBXFrameworksBuildPhase section */

/* Begin PBXGroup section */
		6025D704B296414689714139 /* Frameworks */ = {
			isa = PBXGroup;
			children = (
				D3DFC8874E694EA6ADB69B11 /* libPods-ACCommon_Swift.a */,
			);
			name = Frameworks;
			sourceTree = "<group>";
		};
		DD2984A119820BC10007C45C = {
			isa = PBXGroup;
			children = (
				DD2984AC19820BC10007C45C /* ACCommon_Swift */,
				DD2984AB19820BC10007C45C /* Products */,
				C4C27082CDE9465CA871538A /* Pods-ACCommon_Swift.xcconfig */,
				6025D704B296414689714139 /* Frameworks */,
			);
			sourceTree = "<group>";
		};
		DD2984AB19820BC10007C45C /* Products */ = {
			isa = PBXGroup;
			children = (
				DD2984AA19820BC10007C45C /* ACCommon_Swift.app */,
			);
			name = Products;
			sourceTree = "<group>";
		};
		DD2984AC19820BC10007C45C /* ACCommon_Swift */ = {
			isa = PBXGroup;
			children = (
				DD2984CD19821F340007C45C /* ACAdditions */,
				DD2984E519821F340007C45C /* ACAmation */,
				DD2984E819821F340007C45C /* ACBaseController */,
				DD2984F119821F340007C45C /* ACControls */,
				DD2984F519821F340007C45C /* ACExternals */,
				DD29857C19821F340007C45C /* ACNetworking */,
				DD29858219821F340007C45C /* ACViews */,
				DD2984AF19820BC10007C45C /* AppDelegate.swift */,
				DD29857F19821F340007C45C /* ACPrefixs.h */,
				DD2984EF19821F340007C45C /* ACCommon.h */,
				DD33BAE31982634200CBC849 /* ACMacros.swift */,
				DD2832ED1985FFF000B77A58 /* ACUtilitys.swift */,
				DD2984AD19820BC10007C45C /* Supporting Files */,
			);
			path = ACCommon_Swift;
			sourceTree = "<group>";
		};
		DD2984AD19820BC10007C45C /* Supporting Files */ = {
			isa = PBXGroup;
			children = (
				DD2984AE19820BC10007C45C /* Info.plist */,
				0411EA491989205A00D514CB /* ACCommon-Bridging-Header.h */,
			);
			name = "Supporting Files";
			sourceTree = "<group>";
		};
		DD2984CD19821F340007C45C /* ACAdditions */ = {
			isa = PBXGroup;
			children = (
				DD2984CE19821F340007C45C /* ACAdditions.h */,
				DD2984CF19821F340007C45C /* NSData+ACAdditions.h */,
				DD2984D019821F340007C45C /* NSData+ACAdditions.m */,
				DD2984D319821F340007C45C /* NSDictionary+ACAdditions.h */,
				DD2984D419821F340007C45C /* NSDictionary+ACAdditions.m */,
				DD2984D519821F340007C45C /* NSObject+ACAdditions.h */,
				DD2984D619821F340007C45C /* NSObject+ACAdditions.m */,
				DD2984D719821F340007C45C /* NSString+ACAdditions.h */,
				DD2984D819821F340007C45C /* NSString+ACAdditions.m */,
				DD2984D919821F340007C45C /* UIAlertView+ACAdditions.h */,
				DD2984DA19821F340007C45C /* UIAlertView+ACAdditions.m */,
				DD2984DB19821F340007C45C /* UIButton+ACAdditions.h */,
				DD2984DC19821F340007C45C /* UIButton+ACAdditions.m */,
				DD2984DD19821F340007C45C /* UIColor+ACAdditions.h */,
				DD2984DE19821F340007C45C /* UIColor+ACAdditions.m */,
				DD2984DF19821F340007C45C /* UIImage+ACAdditions.h */,
				DD2984E019821F340007C45C /* UIImage+ACAdditions.m */,
				DD2984E119821F340007C45C /* UIImageView+ACAdditions.h */,
				DD2984E219821F340007C45C /* UIImageView+ACAdditions.m */,
				DD2984E319821F340007C45C /* UIView+ACAdditions.h */,
				DD2984E419821F340007C45C /* UIView+ACAdditions.m */,
				DD022AEF1987AA1100CA6CE9 /* NSDateExtensions.swift */,
				DD4FFAF4198A0E6F002DB8EA /* NSStringExtensions.swift */,
			);
			path = ACAdditions;
			sourceTree = "<group>";
		};
		DD2984E519821F340007C45C /* ACAmation */ = {
			isa = PBXGroup;
			children = (
				DD2984E619821F340007C45C /* ACAnimation.h */,
				DD2984E719821F340007C45C /* ACAnimation.m */,
			);
			path = ACAmation;
			sourceTree = "<group>";
		};
		DD2984E819821F340007C45C /* ACBaseController */ = {
			isa = PBXGroup;
			children = (
				DD2984E919821F340007C45C /* ACBaseCollectionController.h */,
				DD2984EA19821F340007C45C /* ACBaseCollectionController.m */,
				DD2984EB19821F340007C45C /* ACBaseController.h */,
				DD2984EC19821F340007C45C /* ACBaseController.m */,
				DD2984ED19821F340007C45C /* ACBaseTableController.h */,
				DD2984EE19821F340007C45C /* ACBaseTableController.m */,
			);
			path = ACBaseController;
			sourceTree = "<group>";
		};
		DD2984F119821F340007C45C /* ACControls */ = {
			isa = PBXGroup;
			children = (
				DD022AE71987502000CA6CE9 /* ACTextField.swift */,
			);
			path = ACControls;
			sourceTree = "<group>";
		};
		DD2984F519821F340007C45C /* ACExternals */ = {
			isa = PBXGroup;
			children = (
				DD2984F619821F340007C45C /* ACExternals.h */,
				DD29852019821F340007C45C /* ChineseToPinyin */,
				DD29852319821F340007C45C /* GTMBase64 */,
				DD29852719821F340007C45C /* PullingRefreshTableView */,
				DD29852E19821F340007C45C /* SDWebImage */,
				DD29857819821F340007C45C /* TTTAttributedLabel */,
			);
			path = ACExternals;
			sourceTree = "<group>";
		};
		DD29852019821F340007C45C /* ChineseToPinyin */ = {
			isa = PBXGroup;
			children = (
				DD29852119821F340007C45C /* ChineseToPinyin.h */,
				DD29852219821F340007C45C /* ChineseToPinyin.m */,
			);
			path = ChineseToPinyin;
			sourceTree = "<group>";
		};
		DD29852319821F340007C45C /* GTMBase64 */ = {
			isa = PBXGroup;
			children = (
				DD29852419821F340007C45C /* GTMBase64.h */,
				DD29852519821F340007C45C /* GTMBase64.m */,
				DD29852619821F340007C45C /* GTMDefines.h */,
			);
			path = GTMBase64;
			sourceTree = "<group>";
		};
		DD29852719821F340007C45C /* PullingRefreshTableView */ = {
			isa = PBXGroup;
			children = (
				DD29852819821F340007C45C /* PullingRefreshTableView.bundle */,
				DD29852919821F340007C45C /* PullingRefreshTableView.h */,
				DD29852A19821F340007C45C /* PullingRefreshTableView.m */,
			);
			path = PullingRefreshTableView;
			sourceTree = "<group>";
		};
		DD29852E19821F340007C45C /* SDWebImage */ = {
			isa = PBXGroup;
			children = (
				DD29852F19821F340007C45C /* Cache */,
				DD29853219821F340007C45C /* Categories */,
				DD29854119821F340007C45C /* Downloader */,
				DD29854619821F340007C45C /* SDWebImageCompat.h */,
				DD29854719821F340007C45C /* SDWebImageCompat.m */,
				DD29854819821F340007C45C /* SDWebImageOperation.h */,
				DD29854919821F340007C45C /* Utils */,
			);
			path = SDWebImage;
			sourceTree = "<group>";
		};
		DD29852F19821F340007C45C /* Cache */ = {
			isa = PBXGroup;
			children = (
				DD29853019821F340007C45C /* SDImageCache.h */,
				DD29853119821F340007C45C /* SDImageCache.m */,
			);
			path = Cache;
			sourceTree = "<group>";
		};
		DD29853219821F340007C45C /* Categories */ = {
			isa = PBXGroup;
			children = (
				DD29853319821F340007C45C /* MKAnnotationView+WebCache.h */,
				DD29853419821F340007C45C /* MKAnnotationView+WebCache.m */,
				DD29853519821F340007C45C /* NSData+ImageContentType.h */,
				DD29853619821F340007C45C /* NSData+ImageContentType.m */,
				DD29853719821F340007C45C /* UIButton+WebCache.h */,
				DD29853819821F340007C45C /* UIButton+WebCache.m */,
				DD29853919821F340007C45C /* UIImage+GIF.h */,
				DD29853A19821F340007C45C /* UIImage+GIF.m */,
				DD29853B19821F340007C45C /* UIImage+MultiFormat.h */,
				DD29853C19821F340007C45C /* UIImage+MultiFormat.m */,
				DD29853D19821F340007C45C /* UIImage+WebP.h */,
				DD29853E19821F340007C45C /* UIImage+WebP.m */,
				DD29853F19821F340007C45C /* UIImageView+WebCache.h */,
				DD29854019821F340007C45C /* UIImageView+WebCache.m */,
			);
			path = Categories;
			sourceTree = "<group>";
		};
		DD29854119821F340007C45C /* Downloader */ = {
			isa = PBXGroup;
			children = (
				DD29854219821F340007C45C /* SDWebImageDownloader.h */,
				DD29854319821F340007C45C /* SDWebImageDownloader.m */,
				DD29854419821F340007C45C /* SDWebImageDownloaderOperation.h */,
				DD29854519821F340007C45C /* SDWebImageDownloaderOperation.m */,
			);
			path = Downloader;
			sourceTree = "<group>";
		};
		DD29854919821F340007C45C /* Utils */ = {
			isa = PBXGroup;
			children = (
				DD29854A19821F340007C45C /* SDWebImageDecoder.h */,
				DD29854B19821F340007C45C /* SDWebImageDecoder.m */,
				DD29854C19821F340007C45C /* SDWebImageManager.h */,
				DD29854D19821F340007C45C /* SDWebImageManager.m */,
				DD29854E19821F340007C45C /* SDWebImagePrefetcher.h */,
				DD29854F19821F340007C45C /* SDWebImagePrefetcher.m */,
			);
			path = Utils;
			sourceTree = "<group>";
		};
		DD29857819821F340007C45C /* TTTAttributedLabel */ = {
			isa = PBXGroup;
			children = (
				DD29857919821F340007C45C /* TTTAttributedLabel.h */,
				DD29857A19821F340007C45C /* TTTAttributedLabel.m */,
			);
			path = TTTAttributedLabel;
			sourceTree = "<group>";
		};
		DD29857C19821F340007C45C /* ACNetworking */ = {
			isa = PBXGroup;
			children = (
				DD29857D19821F340007C45C /* ACNetworking.h */,
				DD29857E19821F340007C45C /* ACNetworking.m */,
				DD2985D7198223BB0007C45C /* ACNetworking.swift */,
			);
			path = ACNetworking;
			sourceTree = "<group>";
		};
		DD29858219821F340007C45C /* ACViews */ = {
			isa = PBXGroup;
			children = (
				DD022AE9198774CF00CA6CE9 /* ACLargerImageView.swift */,
				DD022AEB19878A7A00CA6CE9 /* ACTableViewCell.swift */,
				DD022AED19879E1500CA6CE9 /* ACTextView.swift */,
			);
			path = ACViews;
			sourceTree = "<group>";
		};
/* End PBXGroup section */

/* Begin PBXNativeTarget section */
		DD2984A919820BC10007C45C /* ACCommon_Swift */ = {
			isa = PBXNativeTarget;
			buildConfigurationList = DD2984C619820BC30007C45C /* Build configuration list for PBXNativeTarget "ACCommon_Swift" */;
			buildPhases = (
				11418BFBFAFC4AEAAC04D4EA /* Check Pods Manifest.lock */,
				DD2984A619820BC10007C45C /* Sources */,
				DD2984A719820BC10007C45C /* Frameworks */,
				DD2984A819820BC10007C45C /* Resources */,
				854CDA438A0646999F6F2D29 /* Copy Pods Resources */,
			);
			buildRules = (
			);
			dependencies = (
			);
			name = ACCommon_Swift;
			productName = ACCommon_Swift;
			productReference = DD2984AA19820BC10007C45C /* ACCommon_Swift.app */;
			productType = "com.apple.product-type.application";
		};
/* End PBXNativeTarget section */

/* Begin PBXProject section */
		DD2984A219820BC10007C45C /* Project object */ = {
			isa = PBXProject;
			attributes = {
				LastUpgradeCheck = 0600;
				ORGANIZATIONNAME = "Alone Coding";
				TargetAttributes = {
					DD2984A919820BC10007C45C = {
						CreatedOnToolsVersion = 6.0;
					};
				};
			};
			buildConfigurationList = DD2984A519820BC10007C45C /* Build configuration list for PBXProject "ACCommon_Swift" */;
			compatibilityVersion = "Xcode 3.2";
			developmentRegion = English;
			hasScannedForEncodings = 0;
			knownRegions = (
				en,
				Base,
				da,
				de,
				"es-ES",
				es,
				fr,
				ja,
				"zh-Hans",
				"zh-Hant",
			);
			mainGroup = DD2984A119820BC10007C45C;
			productRefGroup = DD2984AB19820BC10007C45C /* Products */;
			projectDirPath = "";
			projectRoot = "";
			targets = (
				DD2984A919820BC10007C45C /* ACCommon_Swift */,
			);
		};
/* End PBXProject section */

/* Begin PBXResourcesBuildPhase section */
		DD2984A819820BC10007C45C /* Resources */ = {
			isa = PBXResourcesBuildPhase;
			buildActionMask = 2147483647;
			files = (
				DD2985AD19821F340007C45C /* PullingRefreshTableView.bundle in Resources */,
			);
			runOnlyForDeploymentPostprocessing = 0;
		};
/* End PBXResourcesBuildPhase section */

/* Begin PBXShellScriptBuildPhase section */
		11418BFBFAFC4AEAAC04D4EA /* Check Pods Manifest.lock */ = {
			isa = PBXShellScriptBuildPhase;
			buildActionMask = 2147483647;
			files = (
			);
			inputPaths = (
			);
			name = "Check Pods Manifest.lock";
			outputPaths = (
			);
			runOnlyForDeploymentPostprocessing = 0;
			shellPath = /bin/sh;
			shellScript = "diff \"${PODS_ROOT}/../Podfile.lock\" \"${PODS_ROOT}/Manifest.lock\" > /dev/null\nif [[ $? != 0 ]] ; then\n    cat << EOM\nerror: The sandbox is not in sync with the Podfile.lock. Run 'pod install' or update your CocoaPods installation.\nEOM\n    exit 1\nfi\n";
			showEnvVarsInLog = 0;
		};
		854CDA438A0646999F6F2D29 /* Copy Pods Resources */ = {
			isa = PBXShellScriptBuildPhase;
			buildActionMask = 2147483647;
			files = (
			);
			inputPaths = (
			);
			name = "Copy Pods Resources";
			outputPaths = (
			);
			runOnlyForDeploymentPostprocessing = 0;
			shellPath = /bin/sh;
			shellScript = "\"${SRCROOT}/Pods/Pods-ACCommon_Swift-resources.sh\"\n";
			showEnvVarsInLog = 0;
		};
/* End PBXShellScriptBuildPhase section */

/* Begin PBXSourcesBuildPhase section */
		DD2984A619820BC10007C45C /* Sources */ = {
			isa = PBXSourcesBuildPhase;
			buildActionMask = 2147483647;
			files = (
				DD29858F19821F340007C45C /* UIAlertView+ACAdditions.m in Sources */,
				DD2985BC19821F340007C45C /* SDWebImageManager.m in Sources */,
				DD2985BA19821F340007C45C /* SDWebImageCompat.m in Sources */,
				DD022AEA198774CF00CA6CE9 /* ACLargerImageView.swift in Sources */,
				DD2985B219821F340007C45C /* NSData+ImageContentType.m in Sources */,
				DD29859719821F340007C45C /* ACBaseController.m in Sources */,
				DD2985B319821F340007C45C /* UIButton+WebCache.m in Sources */,
				DD29859519821F340007C45C /* ACAnimation.m in Sources */,
				DD2985AC19821F340007C45C /* GTMBase64.m in Sources */,
				DD29859019821F340007C45C /* UIButton+ACAdditions.m in Sources */,
				DD2985BB19821F340007C45C /* SDWebImageDecoder.m in Sources */,
				DD2985B419821F340007C45C /* UIImage+GIF.m in Sources */,
				DD33BAE41982634200CBC849 /* ACMacros.swift in Sources */,
				DD022AEE19879E1500CA6CE9 /* ACTextView.swift in Sources */,
				DD022AE81987502000CA6CE9 /* ACTextField.swift in Sources */,
				DD29859319821F340007C45C /* UIImageView+ACAdditions.m in Sources */,
				DD2985B019821F340007C45C /* SDImageCache.m in Sources */,
				DD2985D019821F340007C45C /* ACNetworking.m in Sources */,
				DD2985D8198223BB0007C45C /* ACNetworking.swift in Sources */,
				DD29858A19821F340007C45C /* NSData+ACAdditions.m in Sources */,
				DD2984B019820BC10007C45C /* AppDelegate.swift in Sources */,
				DD2985B919821F340007C45C /* SDWebImageDownloaderOperation.m in Sources */,
				DD4FFAF5198A0E6F002DB8EA /* NSStringExtensions.swift in Sources */,
				DD2985AE19821F340007C45C /* PullingRefreshTableView.m in Sources */,
				DD29858C19821F340007C45C /* NSDictionary+ACAdditions.m in Sources */,
				DD29859419821F340007C45C /* UIView+ACAdditions.m in Sources */,
				DD29859619821F340007C45C /* ACBaseCollectionController.m in Sources */,
				DD2985BD19821F340007C45C /* SDWebImagePrefetcher.m in Sources */,
				DD29859119821F340007C45C /* UIColor+ACAdditions.m in Sources */,
				DD022AF01987AA1100CA6CE9 /* NSDateExtensions.swift in Sources */,
				DD022AEC19878A7A00CA6CE9 /* ACTableViewCell.swift in Sources */,
				DD29858D19821F340007C45C /* NSObject+ACAdditions.m in Sources */,
				DD29859819821F340007C45C /* ACBaseTableController.m in Sources */,
				DD2985B519821F340007C45C /* UIImage+MultiFormat.m in Sources */,
				DD29858E19821F340007C45C /* NSString+ACAdditions.m in Sources */,
				DD2985B819821F340007C45C /* SDWebImageDownloader.m in Sources */,
				DD2832EE1985FFF000B77A58 /* ACUtilitys.swift in Sources */,
				DD29859219821F340007C45C /* UIImage+ACAdditions.m in Sources */,
				DD2985B619821F340007C45C /* UIImage+WebP.m in Sources */,
				DD2985B119821F340007C45C /* MKAnnotationView+WebCache.m in Sources */,
				DD2985AB19821F340007C45C /* ChineseToPinyin.m in Sources */,
				DD2985B719821F340007C45C /* UIImageView+WebCache.m in Sources */,
				DD2985CF19821F340007C45C /* TTTAttributedLabel.m in Sources */,
			);
			runOnlyForDeploymentPostprocessing = 0;
		};
/* End PBXSourcesBuildPhase section */

/* Begin XCBuildConfiguration section */
		DD2984C419820BC30007C45C /* Debug */ = {
			isa = XCBuildConfiguration;
			buildSettings = {
				ALWAYS_SEARCH_USER_PATHS = NO;
				CLANG_CXX_LANGUAGE_STANDARD = "gnu++0x";
				CLANG_CXX_LIBRARY = "libc++";
				CLANG_ENABLE_MODULES = YES;
				CLANG_ENABLE_OBJC_ARC = YES;
				CLANG_WARN_BOOL_CONVERSION = YES;
				CLANG_WARN_CONSTANT_CONVERSION = YES;
				CLANG_WARN_DIRECT_OBJC_ISA_USAGE = YES_ERROR;
				CLANG_WARN_EMPTY_BODY = YES;
				CLANG_WARN_ENUM_CONVERSION = YES;
				CLANG_WARN_INT_CONVERSION = YES;
				CLANG_WARN_OBJC_ROOT_CLASS = YES_ERROR;
				CLANG_WARN_UNREACHABLE_CODE = YES;
				CLANG_WARN__DUPLICATE_METHOD_MATCH = YES;
				"CODE_SIGN_IDENTITY[sdk=iphoneos*]" = "iPhone Developer";
				COPY_PHASE_STRIP = NO;
				ENABLE_STRICT_OBJC_MSGSEND = YES;
				GCC_C_LANGUAGE_STANDARD = gnu99;
				GCC_DYNAMIC_NO_PIC = NO;
				GCC_OPTIMIZATION_LEVEL = 0;
				GCC_PREPROCESSOR_DEFINITIONS = (
					"DEBUG=1",
					"$(inherited)",
				);
				GCC_SYMBOLS_PRIVATE_EXTERN = NO;
				GCC_WARN_64_TO_32_BIT_CONVERSION = YES;
				GCC_WARN_ABOUT_RETURN_TYPE = YES_ERROR;
				GCC_WARN_UNDECLARED_SELECTOR = YES;
				GCC_WARN_UNINITIALIZED_AUTOS = YES_AGGRESSIVE;
				GCC_WARN_UNUSED_FUNCTION = YES;
				GCC_WARN_UNUSED_VARIABLE = YES;
				IPHONEOS_DEPLOYMENT_TARGET = 8.0;
				MTL_ENABLE_DEBUG_INFO = YES;
				ONLY_ACTIVE_ARCH = YES;
				SDKROOT = iphoneos;
				SWIFT_OBJC_BRIDGING_HEADER = "ACCommon_Swift/ACCommon-Bridging-Header.h";
				SWIFT_OPTIMIZATION_LEVEL = "-Onone";
			};
			name = Debug;
		};
		DD2984C519820BC30007C45C /* Release */ = {
			isa = XCBuildConfiguration;
			buildSettings = {
				ALWAYS_SEARCH_USER_PATHS = NO;
				CLANG_CXX_LANGUAGE_STANDARD = "gnu++0x";
				CLANG_CXX_LIBRARY = "libc++";
				CLANG_ENABLE_MODULES = YES;
				CLANG_ENABLE_OBJC_ARC = YES;
				CLANG_WARN_BOOL_CONVERSION = YES;
				CLANG_WARN_CONSTANT_CONVERSION = YES;
				CLANG_WARN_DIRECT_OBJC_ISA_USAGE = YES_ERROR;
				CLANG_WARN_EMPTY_BODY = YES;
				CLANG_WARN_ENUM_CONVERSION = YES;
				CLANG_WARN_INT_CONVERSION = YES;
				CLANG_WARN_OBJC_ROOT_CLASS = YES_ERROR;
				CLANG_WARN_UNREACHABLE_CODE = YES;
				CLANG_WARN__DUPLICATE_METHOD_MATCH = YES;
				"CODE_SIGN_IDENTITY[sdk=iphoneos*]" = "iPhone Developer";
				COPY_PHASE_STRIP = YES;
				ENABLE_NS_ASSERTIONS = NO;
				ENABLE_STRICT_OBJC_MSGSEND = YES;
				GCC_C_LANGUAGE_STANDARD = gnu99;
				GCC_WARN_64_TO_32_BIT_CONVERSION = YES;
				GCC_WARN_ABOUT_RETURN_TYPE = YES_ERROR;
				GCC_WARN_UNDECLARED_SELECTOR = YES;
				GCC_WARN_UNINITIALIZED_AUTOS = YES_AGGRESSIVE;
				GCC_WARN_UNUSED_FUNCTION = YES;
				GCC_WARN_UNUSED_VARIABLE = YES;
				IPHONEOS_DEPLOYMENT_TARGET = 8.0;
				MTL_ENABLE_DEBUG_INFO = NO;
				SDKROOT = iphoneos;
				SWIFT_OBJC_BRIDGING_HEADER = "ACCommon_Swift/ACCommon-Bridging-Header.h";
				VALIDATE_PRODUCT = YES;
			};
			name = Release;
		};
		DD2984C719820BC30007C45C /* Debug */ = {
			isa = XCBuildConfiguration;
			baseConfigurationReference = C4C27082CDE9465CA871538A /* Pods-ACCommon_Swift.xcconfig */;
			buildSettings = {
				ASSETCATALOG_COMPILER_APPICON_NAME = AppIcon;
				ASSETCATALOG_COMPILER_LAUNCHIMAGE_NAME = LaunchImage;
				INFOPLIST_FILE = ACCommon_Swift/Info.plist;
				LD_RUNPATH_SEARCH_PATHS = "$(inherited) @executable_path/Frameworks";
				PRODUCT_NAME = "$(TARGET_NAME)";
				SWIFT_OBJC_BRIDGING_HEADER = "ACCommon_Swift/ACCommon-Bridging-Header.h";
			};
			name = Debug;
		};
		DD2984C819820BC30007C45C /* Release */ = {
			isa = XCBuildConfiguration;
			baseConfigurationReference = C4C27082CDE9465CA871538A /* Pods-ACCommon_Swift.xcconfig */;
			buildSettings = {
				ASSETCATALOG_COMPILER_APPICON_NAME = AppIcon;
				ASSETCATALOG_COMPILER_LAUNCHIMAGE_NAME = LaunchImage;
				INFOPLIST_FILE = ACCommon_Swift/Info.plist;
				LD_RUNPATH_SEARCH_PATHS = "$(inherited) @executable_path/Frameworks";
				PRODUCT_NAME = "$(TARGET_NAME)";
				SWIFT_OBJC_BRIDGING_HEADER = "ACCommon_Swift/ACCommon-Bridging-Header.h";
			};
			name = Release;
		};
/* End XCBuildConfiguration section */

/* Begin XCConfigurationList section */
		DD2984A519820BC10007C45C /* Build configuration list for PBXProject "ACCommon_Swift" */ = {
			isa = XCConfigurationList;
			buildConfigurations = (
				DD2984C419820BC30007C45C /* Debug */,
				DD2984C519820BC30007C45C /* Release */,
			);
			defaultConfigurationIsVisible = 0;
			defaultConfigurationName = Release;
		};
		DD2984C619820BC30007C45C /* Build configuration list for PBXNativeTarget "ACCommon_Swift" */ = {
			isa = XCConfigurationList;
			buildConfigurations = (
				DD2984C719820BC30007C45C /* Debug */,
				DD2984C819820BC30007C45C /* Release */,
			);
			defaultConfigurationIsVisible = 0;
			defaultConfigurationName = Release;
		};
/* End XCConfigurationList section */
	};
	rootObject = DD2984A219820BC10007C45C /* Project object */;
}
