// !$*UTF8*$!
{
	archiveVersion = 1;
	classes = {
	};
	objectVersion = 46;
	objects = {

/* Begin PBXBuildFile section */
		DD2984B019820BC10007C45C /* AppDelegate.swift in Sources */ = {isa = PBXBuildFile; fileRef = DD2984AF19820BC10007C45C /* AppDelegate.swift */; };
		DD2984B219820BC10007C45C /* ViewController.swift in Sources */ = {isa = PBXBuildFile; fileRef = DD2984B119820BC10007C45C /* ViewController.swift */; };
		DD2984B519820BC10007C45C /* Main.storyboard in Resources */ = {isa = PBXBuildFile; fileRef = DD2984B319820BC10007C45C /* Main.storyboard */; };
		DD2984B719820BC20007C45C /* Images.xcassets in Resources */ = {isa = PBXBuildFile; fileRef = DD2984B619820BC20007C45C /* Images.xcassets */; };
		DD2984C319820BC30007C45C /* ACCommon_SwiftTests.swift in Sources */ = {isa = PBXBuildFile; fileRef = DD2984C219820BC30007C45C /* ACCommon_SwiftTests.swift */; };
/* End PBXBuildFile section */

/* Begin PBXContainerItemProxy section */
		DD2984BD19820BC30007C45C /* PBXContainerItemProxy */ = {
			isa = PBXContainerItemProxy;
			containerPortal = DD2984A219820BC10007C45C /* Project object */;
			proxyType = 1;
			remoteGlobalIDString = DD2984A919820BC10007C45C;
			remoteInfo = ACCommon_Swift;
		};
/* End PBXContainerItemProxy section */

/* Begin PBXFileReference section */
		DD2984AA19820BC10007C45C /* ACCommon_Swift.app */ = {isa = PBXFileReference; explicitFileType = wrapper.application; includeInIndex = 0; path = ACCommon_Swift.app; sourceTree = BUILT_PRODUCTS_DIR; };
		DD2984AE19820BC10007C45C /* Info.plist */ = {isa = PBXFileReference; lastKnownFileType = text.plist.xml; path = Info.plist; sourceTree = "<group>"; };
		DD2984AF19820BC10007C45C /* AppDelegate.swift */ = {isa = PBXFileReference; lastKnownFileType = sourcecode.swift; path = AppDelegate.swift; sourceTree = "<group>"; };
		DD2984B119820BC10007C45C /* ViewController.swift */ = {isa = PBXFileReference; lastKnownFileType = sourcecode.swift; path = ViewController.swift; sourceTree = "<group>"; };
		DD2984B419820BC10007C45C /* Base */ = {isa = PBXFileReference; lastKnownFileType = file.storyboard; name = Base; path = Base.lproj/Main.storyboard; sourceTree = "<group>"; };
		DD2984B619820BC20007C45C /* Images.xcassets */ = {isa = PBXFileReference; lastKnownFileType = folder.assetcatalog; path = Images.xcassets; sourceTree = "<group>"; };
		DD2984BC19820BC30007C45C /* ACCommon_SwiftTests.xctest */ = {isa = PBXFileReference; explicitFileType = wrapper.cfbundle; includeInIndex = 0; path = ACCommon_SwiftTests.xctest; sourceTree = BUILT_PRODUCTS_DIR; };
		DD2984C119820BC30007C45C /* Info.plist */ = {isa = PBXFileReference; lastKnownFileType = text.plist.xml; path = Info.plist; sourceTree = "<group>"; };
		DD2984C219820BC30007C45C /* ACCommon_SwiftTests.swift */ = {isa = PBXFileReference; lastKnownFileType = sourcecode.swift; path = ACCommon_SwiftTests.swift; sourceTree = "<group>"; };
/* End PBXFileReference section */

/* Begin PBXFrameworksBuildPhase section */
		DD2984A719820BC10007C45C /* Frameworks */ = {
			isa = PBXFrameworksBuildPhase;
			buildActionMask = 2147483647;
			files = (
			);
			runOnlyForDeploymentPostprocessing = 0;
		};
		DD2984B919820BC30007C45C /* Frameworks */ = {
			isa = PBXFrameworksBuildPhase;
			buildActionMask = 2147483647;
			files = (
			);
			runOnlyForDeploymentPostprocessing = 0;
		};
/* End PBXFrameworksBuildPhase section */

/* Begin PBXGroup section */
		DD2984A119820BC10007C45C = {
			isa = PBXGroup;
			children = (
				DD2984AC19820BC10007C45C /* ACCommon_Swift */,
				DD2984BF19820BC30007C45C /* ACCommon_SwiftTests */,
				DD2984AB19820BC10007C45C /* Products */,
			);
			sourceTree = "<group>";
		};
		DD2984AB19820BC10007C45C /* Products */ = {
			isa = PBXGroup;
			children = (
				DD2984AA19820BC10007C45C /* ACCommon_Swift.app */,
				DD2984BC19820BC30007C45C /* ACCommon_SwiftTests.xctest */,
			);
			name = Products;
			sourceTree = "<group>";
		};
		DD2984AC19820BC10007C45C /* ACCommon_Swift */ = {
			isa = PBXGroup;
			children = (
				DD2984AF19820BC10007C45C /* AppDelegate.swift */,
				DD2984B119820BC10007C45C /* ViewController.swift */,
				DD2984B319820BC10007C45C /* Main.storyboard */,
				DD2984B619820BC20007C45C /* Images.xcassets */,
				DD2984AD19820BC10007C45C /* Supporting Files */,
			);
			path = ACCommon_Swift;
			sourceTree = "<group>";
		};
		DD2984AD19820BC10007C45C /* Supporting Files */ = {
			isa = PBXGroup;
			children = (
				DD2984AE19820BC10007C45C /* Info.plist */,
			);
			name = "Supporting Files";
			sourceTree = "<group>";
		};
		DD2984BF19820BC30007C45C /* ACCommon_SwiftTests */ = {
			isa = PBXGroup;
			children = (
				DD2984C219820BC30007C45C /* ACCommon_SwiftTests.swift */,
				DD2984C019820BC30007C45C /* Supporting Files */,
			);
			path = ACCommon_SwiftTests;
			sourceTree = "<group>";
		};
		DD2984C019820BC30007C45C /* Supporting Files */ = {
			isa = PBXGroup;
			children = (
				DD2984C119820BC30007C45C /* Info.plist */,
			);
			name = "Supporting Files";
			sourceTree = "<group>";
		};
/* End PBXGroup section */

/* Begin PBXNativeTarget section */
		DD2984A919820BC10007C45C /* ACCommon_Swift */ = {
			isa = PBXNativeTarget;
			buildConfigurationList = DD2984C619820BC30007C45C /* Build configuration list for PBXNativeTarget "ACCommon_Swift" */;
			buildPhases = (
				DD2984A619820BC10007C45C /* Sources */,
				DD2984A719820BC10007C45C /* Frameworks */,
				DD2984A819820BC10007C45C /* Resources */,
			);
			buildRules = (
			);
			dependencies = (
			);
			name = ACCommon_Swift;
			productName = ACCommon_Swift;
			productReference = DD2984AA19820BC10007C45C /* ACCommon_Swift.app */;
			productType = "com.apple.product-type.application";
		};
		DD2984BB19820BC30007C45C /* ACCommon_SwiftTests */ = {
			isa = PBXNativeTarget;
			buildConfigurationList = DD2984C919820BC30007C45C /* Build configuration list for PBXNativeTarget "ACCommon_SwiftTests" */;
			buildPhases = (
				DD2984B819820BC30007C45C /* Sources */,
				DD2984B919820BC30007C45C /* Frameworks */,
				DD2984BA19820BC30007C45C /* Resources */,
			);
			buildRules = (
			);
			dependencies = (
				DD2984BE19820BC30007C45C /* PBXTargetDependency */,
			);
			name = ACCommon_SwiftTests;
			productName = ACCommon_SwiftTests;
			productReference = DD2984BC19820BC30007C45C /* ACCommon_SwiftTests.xctest */;
			productType = "com.apple.product-type.bundle.unit-test";
		};
/* End PBXNativeTarget section */

/* Begin PBXProject section */
		DD2984A219820BC10007C45C /* Project object */ = {
			isa = PBXProject;
			attributes = {
				LastUpgradeCheck = 0600;
				ORGANIZATIONNAME = "Alone Coding";
				TargetAttributes = {
					DD2984A919820BC10007C45C = {
						CreatedOnToolsVersion = 6.0;
					};
					DD2984BB19820BC30007C45C = {
						CreatedOnToolsVersion = 6.0;
						TestTargetID = DD2984A919820BC10007C45C;
					};
				};
			};
			buildConfigurationList = DD2984A519820BC10007C45C /* Build configuration list for PBXProject "ACCommon_Swift" */;
			compatibilityVersion = "Xcode 3.2";
			developmentRegion = English;
			hasScannedForEncodings = 0;
			knownRegions = (
				en,
				Base,
			);
			mainGroup = DD2984A119820BC10007C45C;
			productRefGroup = DD2984AB19820BC10007C45C /* Products */;
			projectDirPath = "";
			projectRoot = "";
			targets = (
				DD2984A919820BC10007C45C /* ACCommon_Swift */,
				DD2984BB19820BC30007C45C /* ACCommon_SwiftTests */,
			);
		};
/* End PBXProject section */

/* Begin PBXResourcesBuildPhase section */
		DD2984A819820BC10007C45C /* Resources */ = {
			isa = PBXResourcesBuildPhase;
			buildActionMask = 2147483647;
			files = (
				DD2984B519820BC10007C45C /* Main.storyboard in Resources */,
				DD2984B719820BC20007C45C /* Images.xcassets in Resources */,
			);
			runOnlyForDeploymentPostprocessing = 0;
		};
		DD2984BA19820BC30007C45C /* Resources */ = {
			isa = PBXResourcesBuildPhase;
			buildActionMask = 2147483647;
			files = (
			);
			runOnlyForDeploymentPostprocessing = 0;
		};
/* End PBXResourcesBuildPhase section */

/* Begin PBXSourcesBuildPhase section */
		DD2984A619820BC10007C45C /* Sources */ = {
			isa = PBXSourcesBuildPhase;
			buildActionMask = 2147483647;
			files = (
				DD2984B219820BC10007C45C /* ViewController.swift in Sources */,
				DD2984B019820BC10007C45C /* AppDelegate.swift in Sources */,
			);
			runOnlyForDeploymentPostprocessing = 0;
		};
		DD2984B819820BC30007C45C /* Sources */ = {
			isa = PBXSourcesBuildPhase;
			buildActionMask = 2147483647;
			files = (
				DD2984C319820BC30007C45C /* ACCommon_SwiftTests.swift in Sources */,
			);
			runOnlyForDeploymentPostprocessing = 0;
		};
/* End PBXSourcesBuildPhase section */

/* Begin PBXTargetDependency section */
		DD2984BE19820BC30007C45C /* PBXTargetDependency */ = {
			isa = PBXTargetDependency;
			target = DD2984A919820BC10007C45C /* ACCommon_Swift */;
			targetProxy = DD2984BD19820BC30007C45C /* PBXContainerItemProxy */;
		};
/* End PBXTargetDependency section */

/* Begin PBXVariantGroup section */
		DD2984B319820BC10007C45C /* Main.storyboard */ = {
			isa = PBXVariantGroup;
			children = (
				DD2984B419820BC10007C45C /* Base */,
			);
			name = Main.storyboard;
			sourceTree = "<group>";
		};
/* End PBXVariantGroup section */

/* Begin XCBuildConfiguration section */
		DD2984C419820BC30007C45C /* Debug */ = {
			isa = XCBuildConfiguration;
			buildSettings = {
				ALWAYS_SEARCH_USER_PATHS = NO;
				CLANG_CXX_LANGUAGE_STANDARD = "gnu++0x";
				CLANG_CXX_LIBRARY = "libc++";
				CLANG_ENABLE_MODULES = YES;
				CLANG_ENABLE_OBJC_ARC = YES;
				CLANG_WARN_BOOL_CONVERSION = YES;
				CLANG_WARN_CONSTANT_CONVERSION = YES;
				CLANG_WARN_DIRECT_OBJC_ISA_USAGE = YES_ERROR;
				CLANG_WARN_EMPTY_BODY = YES;
				CLANG_WARN_ENUM_CONVERSION = YES;
				CLANG_WARN_INT_CONVERSION = YES;
				CLANG_WARN_OBJC_ROOT_CLASS = YES_ERROR;
				CLANG_WARN_UNREACHABLE_CODE = YES;
				CLANG_WARN__DUPLICATE_METHOD_MATCH = YES;
				"CODE_SIGN_IDENTITY[sdk=iphoneos*]" = "iPhone Developer";
				COPY_PHASE_STRIP = NO;
				ENABLE_STRICT_OBJC_MSGSEND = YES;
				GCC_C_LANGUAGE_STANDARD = gnu99;
				GCC_DYNAMIC_NO_PIC = NO;
				GCC_OPTIMIZATION_LEVEL = 0;
				GCC_PREPROCESSOR_DEFINITIONS = (
					"DEBUG=1",
					"$(inherited)",
				);
				GCC_SYMBOLS_PRIVATE_EXTERN = NO;
				GCC_WARN_64_TO_32_BIT_CONVERSION = YES;
				GCC_WARN_ABOUT_RETURN_TYPE = YES_ERROR;
				GCC_WARN_UNDECLARED_SELECTOR = YES;
				GCC_WARN_UNINITIALIZED_AUTOS = YES_AGGRESSIVE;
				GCC_WARN_UNUSED_FUNCTION = YES;
				GCC_WARN_UNUSED_VARIABLE = YES;
				IPHONEOS_DEPLOYMENT_TARGET = 8.0;
				MTL_ENABLE_DEBUG_INFO = YES;
				ONLY_ACTIVE_ARCH = YES;
				SDKROOT = iphoneos;
				SWIFT_OPTIMIZATION_LEVEL = "-Onone";
			};
			name = Debug;
		};
		DD2984C519820BC30007C45C /* Release */ = {
			isa = XCBuildConfiguration;
			buildSettings = {
				ALWAYS_SEARCH_USER_PATHS = NO;
				CLANG_CXX_LANGUAGE_STANDARD = "gnu++0x";
				CLANG_CXX_LIBRARY = "libc++";
				CLANG_ENABLE_MODULES = YES;
				CLANG_ENABLE_OBJC_ARC = YES;
				CLANG_WARN_BOOL_CONVERSION = YES;
				CLANG_WARN_CONSTANT_CONVERSION = YES;
				CLANG_WARN_DIRECT_OBJC_ISA_USAGE = YES_ERROR;
				CLANG_WARN_EMPTY_BODY = YES;
				CLANG_WARN_ENUM_CONVERSION = YES;
				CLANG_WARN_INT_CONVERSION = YES;
				CLANG_WARN_OBJC_ROOT_CLASS = YES_ERROR;
				CLANG_WARN_UNREACHABLE_CODE = YES;
				CLANG_WARN__DUPLICATE_METHOD_MATCH = YES;
				"CODE_SIGN_IDENTITY[sdk=iphoneos*]" = "iPhone Developer";
				COPY_PHASE_STRIP = YES;
				ENABLE_NS_ASSERTIONS = NO;
				ENABLE_STRICT_OBJC_MSGSEND = YES;
				GCC_C_LANGUAGE_STANDARD = gnu99;
				GCC_WARN_64_TO_32_BIT_CONVERSION = YES;
				GCC_WARN_ABOUT_RETURN_TYPE = YES_ERROR;
				GCC_WARN_UNDECLARED_SELECTOR = YES;
				GCC_WARN_UNINITIALIZED_AUTOS = YES_AGGRESSIVE;
				GCC_WARN_UNUSED_FUNCTION = YES;
				GCC_WARN_UNUSED_VARIABLE = YES;
				IPHONEOS_DEPLOYMENT_TARGET = 8.0;
				MTL_ENABLE_DEBUG_INFO = NO;
				SDKROOT = iphoneos;
				VALIDATE_PRODUCT = YES;
			};
			name = Release;
		};
		DD2984C719820BC30007C45C /* Debug */ = {
			isa = XCBuildConfiguration;
			buildSettings = {
				ASSETCATALOG_COMPILER_APPICON_NAME = AppIcon;
				ASSETCATALOG_COMPILER_LAUNCHIMAGE_NAME = LaunchImage;
				INFOPLIST_FILE = ACCommon_Swift/Info.plist;
				LD_RUNPATH_SEARCH_PATHS = "$(inherited) @executable_path/Frameworks";
				PRODUCT_NAME = "$(TARGET_NAME)";
			};
			name = Debug;
		};
		DD2984C819820BC30007C45C /* Release */ = {
			isa = XCBuildConfiguration;
			buildSettings = {
				ASSETCATALOG_COMPILER_APPICON_NAME = AppIcon;
				ASSETCATALOG_COMPILER_LAUNCHIMAGE_NAME = LaunchImage;
				INFOPLIST_FILE = ACCommon_Swift/Info.plist;
				LD_RUNPATH_SEARCH_PATHS = "$(inherited) @executable_path/Frameworks";
				PRODUCT_NAME = "$(TARGET_NAME)";
			};
			name = Release;
		};
		DD2984CA19820BC30007C45C /* Debug */ = {
			isa = XCBuildConfiguration;
			buildSettings = {
				BUNDLE_LOADER = "$(BUILT_PRODUCTS_DIR)/ACCommon_Swift.app/ACCommon_Swift";
				FRAMEWORK_SEARCH_PATHS = (
					"$(SDKROOT)/Developer/Library/Frameworks",
					"$(inherited)",
				);
				GCC_PREPROCESSOR_DEFINITIONS = (
					"DEBUG=1",
					"$(inherited)",
				);
				INFOPLIST_FILE = ACCommon_SwiftTests/Info.plist;
				LD_RUNPATH_SEARCH_PATHS = "$(inherited) @executable_path/Frameworks @loader_path/Frameworks";
				PRODUCT_NAME = "$(TARGET_NAME)";
				TEST_HOST = "$(BUNDLE_LOADER)";
			};
			name = Debug;
		};
		DD2984CB19820BC30007C45C /* Release */ = {
			isa = XCBuildConfiguration;
			buildSettings = {
				BUNDLE_LOADER = "$(BUILT_PRODUCTS_DIR)/ACCommon_Swift.app/ACCommon_Swift";
				FRAMEWORK_SEARCH_PATHS = (
					"$(SDKROOT)/Developer/Library/Frameworks",
					"$(inherited)",
				);
				INFOPLIST_FILE = ACCommon_SwiftTests/Info.plist;
				LD_RUNPATH_SEARCH_PATHS = "$(inherited) @executable_path/Frameworks @loader_path/Frameworks";
				PRODUCT_NAME = "$(TARGET_NAME)";
				TEST_HOST = "$(BUNDLE_LOADER)";
			};
			name = Release;
		};
/* End XCBuildConfiguration section */

/* Begin XCConfigurationList section */
		DD2984A519820BC10007C45C /* Build configuration list for PBXProject "ACCommon_Swift" */ = {
			isa = XCConfigurationList;
			buildConfigurations = (
				DD2984C419820BC30007C45C /* Debug */,
				DD2984C519820BC30007C45C /* Release */,
			);
			defaultConfigurationIsVisible = 0;
			defaultConfigurationName = Release;
		};
		DD2984C619820BC30007C45C /* Build configuration list for PBXNativeTarget "ACCommon_Swift" */ = {
			isa = XCConfigurationList;
			buildConfigurations = (
				DD2984C719820BC30007C45C /* Debug */,
				DD2984C819820BC30007C45C /* Release */,
			);
			defaultConfigurationIsVisible = 0;
		};
		DD2984C919820BC30007C45C /* Build configuration list for PBXNativeTarget "ACCommon_SwiftTests" */ = {
			isa = XCConfigurationList;
			buildConfigurations = (
				DD2984CA19820BC30007C45C /* Debug */,
				DD2984CB19820BC30007C45C /* Release */,
			);
			defaultConfigurationIsVisible = 0;
		};
/* End XCConfigurationList section */
	};
	rootObject = DD2984A219820BC10007C45C /* Project object */;
}
